// !$*UTF8*$!
{
	archiveVersion = 1;
	classes = {
	};
	objectVersion = 50;
	objects = {

/* Begin PBXBuildFile section */
		6941AD33253EDAB800AC6FCC /* FructusApp.swift in Sources */ = {isa = PBXBuildFile; fileRef = 6941AD32253EDAB800AC6FCC /* FructusApp.swift */; };
		6941AD35253EDAB800AC6FCC /* ContentView.swift in Sources */ = {isa = PBXBuildFile; fileRef = 6941AD34253EDAB800AC6FCC /* ContentView.swift */; };
		6941AD37253EDAC100AC6FCC /* Assets.xcassets in Resources */ = {isa = PBXBuildFile; fileRef = 6941AD36253EDAC100AC6FCC /* Assets.xcassets */; };
		6941AD3A253EDAC100AC6FCC /* Preview Assets.xcassets in Resources */ = {isa = PBXBuildFile; fileRef = 6941AD39253EDAC100AC6FCC /* Preview Assets.xcassets */; };
		6941AD48253EE38500AC6FCC /* FruitCardView.swift in Sources */ = {isa = PBXBuildFile; fileRef = 6941AD47253EE38500AC6FCC /* FruitCardView.swift */; };
		6941AD4C253F0D2E00AC6FCC /* StartButtonView.swift in Sources */ = {isa = PBXBuildFile; fileRef = 6941AD4B253F0D2E00AC6FCC /* StartButtonView.swift */; };
		6941AD4F253F220600AC6FCC /* OnboardingVIew.swift in Sources */ = {isa = PBXBuildFile; fileRef = 6941AD4E253F220600AC6FCC /* OnboardingVIew.swift */; };
		6941AD53253F248400AC6FCC /* FruitModel.swift in Sources */ = {isa = PBXBuildFile; fileRef = 6941AD52253F248400AC6FCC /* FruitModel.swift */; };
		6941AD57253F265600AC6FCC /* FruitData.swift in Sources */ = {isa = PBXBuildFile; fileRef = 6941AD56253F265600AC6FCC /* FruitData.swift */; };
		6941AD5B253F311200AC6FCC /* FruitRowView.swift in Sources */ = {isa = PBXBuildFile; fileRef = 6941AD5A253F311200AC6FCC /* FruitRowView.swift */; };
		697DE43B2584C5300057FE6E /* FruitDetailView.swift in Sources */ = {isa = PBXBuildFile; fileRef = 697DE43A2584C5300057FE6E /* FruitDetailView.swift */; };
		697DE43E2584CC530057FE6E /* FruitHeaderView.swift in Sources */ = {isa = PBXBuildFile; fileRef = 697DE43D2584CC530057FE6E /* FruitHeaderView.swift */; };
		697DE4412584D0D20057FE6E /* SourceLinkView.swift in Sources */ = {isa = PBXBuildFile; fileRef = 697DE4402584D0D20057FE6E /* SourceLinkView.swift */; };
		697DE4442584D6F00057FE6E /* FruitNutrientsView.swift in Sources */ = {isa = PBXBuildFile; fileRef = 697DE4432584D6F00057FE6E /* FruitNutrientsView.swift */; };
		697DE447258513FF0057FE6E /* SettingsView.swift in Sources */ = {isa = PBXBuildFile; fileRef = 697DE446258513FF0057FE6E /* SettingsView.swift */; };
/* End PBXBuildFile section */

/* Begin PBXFileReference section */
		6941AD2F253EDAB800AC6FCC /* Fructus.app */ = {isa = PBXFileReference; explicitFileType = wrapper.application; includeInIndex = 0; path = Fructus.app; sourceTree = BUILT_PRODUCTS_DIR; };
		6941AD32253EDAB800AC6FCC /* FructusApp.swift */ = {isa = PBXFileReference; lastKnownFileType = sourcecode.swift; path = FructusApp.swift; sourceTree = "<group>"; };
		6941AD34253EDAB800AC6FCC /* ContentView.swift */ = {isa = PBXFileReference; lastKnownFileType = sourcecode.swift; path = ContentView.swift; sourceTree = "<group>"; };
		6941AD36253EDAC100AC6FCC /* Assets.xcassets */ = {isa = PBXFileReference; lastKnownFileType = folder.assetcatalog; path = Assets.xcassets; sourceTree = "<group>"; };
		6941AD39253EDAC100AC6FCC /* Preview Assets.xcassets */ = {isa = PBXFileReference; lastKnownFileType = folder.assetcatalog; path = "Preview Assets.xcassets"; sourceTree = "<group>"; };
		6941AD3B253EDAC100AC6FCC /* Info.plist */ = {isa = PBXFileReference; lastKnownFileType = text.plist.xml; path = Info.plist; sourceTree = "<group>"; };
		6941AD47253EE38500AC6FCC /* FruitCardView.swift */ = {isa = PBXFileReference; lastKnownFileType = sourcecode.swift; path = FruitCardView.swift; sourceTree = "<group>"; };
		6941AD4B253F0D2E00AC6FCC /* StartButtonView.swift */ = {isa = PBXFileReference; lastKnownFileType = sourcecode.swift; path = StartButtonView.swift; sourceTree = "<group>"; };
		6941AD4E253F220600AC6FCC /* OnboardingVIew.swift */ = {isa = PBXFileReference; lastKnownFileType = sourcecode.swift; path = OnboardingVIew.swift; sourceTree = "<group>"; };
		6941AD52253F248400AC6FCC /* FruitModel.swift */ = {isa = PBXFileReference; lastKnownFileType = sourcecode.swift; path = FruitModel.swift; sourceTree = "<group>"; };
		6941AD56253F265600AC6FCC /* FruitData.swift */ = {isa = PBXFileReference; lastKnownFileType = sourcecode.swift; path = FruitData.swift; sourceTree = "<group>"; };
		6941AD5A253F311200AC6FCC /* FruitRowView.swift */ = {isa = PBXFileReference; lastKnownFileType = sourcecode.swift; path = FruitRowView.swift; sourceTree = "<group>"; };
		697DE43A2584C5300057FE6E /* FruitDetailView.swift */ = {isa = PBXFileReference; lastKnownFileType = sourcecode.swift; path = FruitDetailView.swift; sourceTree = "<group>"; };
		697DE43D2584CC530057FE6E /* FruitHeaderView.swift */ = {isa = PBXFileReference; lastKnownFileType = sourcecode.swift; path = FruitHeaderView.swift; sourceTree = "<group>"; };
		697DE4402584D0D20057FE6E /* SourceLinkView.swift */ = {isa = PBXFileReference; lastKnownFileType = sourcecode.swift; path = SourceLinkView.swift; sourceTree = "<group>"; };
		697DE4432584D6F00057FE6E /* FruitNutrientsView.swift */ = {isa = PBXFileReference; lastKnownFileType = sourcecode.swift; path = FruitNutrientsView.swift; sourceTree = "<group>"; };
		697DE446258513FF0057FE6E /* SettingsView.swift */ = {isa = PBXFileReference; lastKnownFileType = sourcecode.swift; path = SettingsView.swift; sourceTree = "<group>"; };
/* End PBXFileReference section */

/* Begin PBXFrameworksBuildPhase section */
		6941AD2C253EDAB800AC6FCC /* Frameworks */ = {
			isa = PBXFrameworksBuildPhase;
			buildActionMask = 2147483647;
			files = (
			);
			runOnlyForDeploymentPostprocessing = 0;
		};
/* End PBXFrameworksBuildPhase section */

/* Begin PBXGroup section */
		6941AD26253EDAB800AC6FCC = {
			isa = PBXGroup;
			children = (
				6941AD31253EDAB800AC6FCC /* Fructus */,
				6941AD30253EDAB800AC6FCC /* Products */,
			);
			sourceTree = "<group>";
		};
		6941AD30253EDAB800AC6FCC /* Products */ = {
			isa = PBXGroup;
			children = (
				6941AD2F253EDAB800AC6FCC /* Fructus.app */,
			);
			name = Products;
			sourceTree = "<group>";
		};
		6941AD31253EDAB800AC6FCC /* Fructus */ = {
			isa = PBXGroup;
			children = (
				6941AD55253F264400AC6FCC /* Data */,
				6941AD51253F247200AC6FCC /* Model */,
				6941AD46253EE35800AC6FCC /* View */,
				6941AD44253EE32B00AC6FCC /* App */,
				6941AD36253EDAC100AC6FCC /* Assets.xcassets */,
				6941AD3B253EDAC100AC6FCC /* Info.plist */,
				6941AD38253EDAC100AC6FCC /* Preview Content */,
			);
			path = Fructus;
			sourceTree = "<group>";
		};
		6941AD38253EDAC100AC6FCC /* Preview Content */ = {
			isa = PBXGroup;
			children = (
				6941AD39253EDAC100AC6FCC /* Preview Assets.xcassets */,
			);
			path = "Preview Content";
			sourceTree = "<group>";
		};
		6941AD44253EE32B00AC6FCC /* App */ = {
			isa = PBXGroup;
			children = (
				6941AD32253EDAB800AC6FCC /* FructusApp.swift */,
				6941AD34253EDAB800AC6FCC /* ContentView.swift */,
				6941AD4E253F220600AC6FCC /* OnboardingVIew.swift */,
				697DE43A2584C5300057FE6E /* FruitDetailView.swift */,
				697DE446258513FF0057FE6E /* SettingsView.swift */,
			);
			path = App;
			sourceTree = "<group>";
		};
		6941AD46253EE35800AC6FCC /* View */ = {
			isa = PBXGroup;
			children = (
				6941AD47253EE38500AC6FCC /* FruitCardView.swift */,
				6941AD4B253F0D2E00AC6FCC /* StartButtonView.swift */,
				6941AD5A253F311200AC6FCC /* FruitRowView.swift */,
				697DE43D2584CC530057FE6E /* FruitHeaderView.swift */,
				697DE4402584D0D20057FE6E /* SourceLinkView.swift */,
				697DE4432584D6F00057FE6E /* FruitNutrientsView.swift */,
			);
			path = View;
			sourceTree = "<group>";
		};
		6941AD51253F247200AC6FCC /* Model */ = {
			isa = PBXGroup;
			children = (
				6941AD52253F248400AC6FCC /* FruitModel.swift */,
			);
			path = Model;
			sourceTree = "<group>";
		};
		6941AD55253F264400AC6FCC /* Data */ = {
			isa = PBXGroup;
			children = (
				6941AD56253F265600AC6FCC /* FruitData.swift */,
			);
			path = Data;
			sourceTree = "<group>";
		};
/* End PBXGroup section */

/* Begin PBXNativeTarget section */
		6941AD2E253EDAB800AC6FCC /* Fructus */ = {
			isa = PBXNativeTarget;
			buildConfigurationList = 6941AD3E253EDAC100AC6FCC /* Build configuration list for PBXNativeTarget "Fructus" */;
			buildPhases = (
				6941AD2B253EDAB800AC6FCC /* Sources */,
				6941AD2C253EDAB800AC6FCC /* Frameworks */,
				6941AD2D253EDAB800AC6FCC /* Resources */,
			);
			buildRules = (
			);
			dependencies = (
			);
			name = Fructus;
			productName = Fructus;
			productReference = 6941AD2F253EDAB800AC6FCC /* Fructus.app */;
			productType = "com.apple.product-type.application";
		};
/* End PBXNativeTarget section */

/* Begin PBXProject section */
		6941AD27253EDAB800AC6FCC /* Project object */ = {
			isa = PBXProject;
			attributes = {
				LastSwiftUpdateCheck = 1220;
				LastUpgradeCheck = 1220;
				TargetAttributes = {
					6941AD2E253EDAB800AC6FCC = {
						CreatedOnToolsVersion = 12.2;
					};
				};
			};
			buildConfigurationList = 6941AD2A253EDAB800AC6FCC /* Build configuration list for PBXProject "Fructus" */;
			compatibilityVersion = "Xcode 9.3";
			developmentRegion = en;
			hasScannedForEncodings = 0;
			knownRegions = (
				en,
				Base,
			);
			mainGroup = 6941AD26253EDAB800AC6FCC;
			productRefGroup = 6941AD30253EDAB800AC6FCC /* Products */;
			projectDirPath = "";
			projectRoot = "";
			targets = (
				6941AD2E253EDAB800AC6FCC /* Fructus */,
			);
		};
/* End PBXProject section */

/* Begin PBXResourcesBuildPhase section */
		6941AD2D253EDAB800AC6FCC /* Resources */ = {
			isa = PBXResourcesBuildPhase;
			buildActionMask = 2147483647;
			files = (
				6941AD3A253EDAC100AC6FCC /* Preview Assets.xcassets in Resources */,
				6941AD37253EDAC100AC6FCC /* Assets.xcassets in Resources */,
			);
			runOnlyForDeploymentPostprocessing = 0;
		};
/* End PBXResourcesBuildPhase section */

/* Begin PBXSourcesBuildPhase section */
		6941AD2B253EDAB800AC6FCC /* Sources */ = {
			isa = PBXSourcesBuildPhase;
			buildActionMask = 2147483647;
			files = (
				6941AD57253F265600AC6FCC /* FruitData.swift in Sources */,
				697DE4412584D0D20057FE6E /* SourceLinkView.swift in Sources */,
				6941AD48253EE38500AC6FCC /* FruitCardView.swift in Sources */,
				6941AD5B253F311200AC6FCC /* FruitRowView.swift in Sources */,
				697DE4442584D6F00057FE6E /* FruitNutrientsView.swift in Sources */,
				6941AD4C253F0D2E00AC6FCC /* StartButtonView.swift in Sources */,
				697DE43B2584C5300057FE6E /* FruitDetailView.swift in Sources */,
				6941AD4F253F220600AC6FCC /* OnboardingVIew.swift in Sources */,
				697DE43E2584CC530057FE6E /* FruitHeaderView.swift in Sources */,
				6941AD35253EDAB800AC6FCC /* ContentView.swift in Sources */,
				6941AD53253F248400AC6FCC /* FruitModel.swift in Sources */,
				6941AD33253EDAB800AC6FCC /* FructusApp.swift in Sources */,
				697DE447258513FF0057FE6E /* SettingsView.swift in Sources */,
			);
			runOnlyForDeploymentPostprocessing = 0;
		};
/* End PBXSourcesBuildPhase section */

/* Begin XCBuildConfiguration section */
		6941AD3C253EDAC100AC6FCC /* Debug */ = {
			isa = XCBuildConfiguration;
			buildSettings = {
				ALWAYS_SEARCH_USER_PATHS = NO;
				CLANG_ANALYZER_NONNULL = YES;
				CLANG_ANALYZER_NUMBER_OBJECT_CONVERSION = YES_AGGRESSIVE;
				CLANG_CXX_LANGUAGE_STANDARD = "gnu++14";
				CLANG_CXX_LIBRARY = "libc++";
				CLANG_ENABLE_MODULES = YES;
				CLANG_ENABLE_OBJC_ARC = YES;
				CLANG_ENABLE_OBJC_WEAK = YES;
				CLANG_WARN_BLOCK_CAPTURE_AUTORELEASING = YES;
				CLANG_WARN_BOOL_CONVERSION = YES;
				CLANG_WARN_COMMA = YES;
				CLANG_WARN_CONSTANT_CONVERSION = YES;
				CLANG_WARN_DEPRECATED_OBJC_IMPLEMENTATIONS = YES;
				CLANG_WARN_DIRECT_OBJC_ISA_USAGE = YES_ERROR;
				CLANG_WARN_DOCUMENTATION_COMMENTS = YES;
				CLANG_WARN_EMPTY_BODY = YES;
				CLANG_WARN_ENUM_CONVERSION = YES;
				CLANG_WARN_INFINITE_RECURSION = YES;
				CLANG_WARN_INT_CONVERSION = YES;
				CLANG_WARN_NON_LITERAL_NULL_CONVERSION = YES;
				CLANG_WARN_OBJC_IMPLICIT_RETAIN_SELF = YES;
				CLANG_WARN_OBJC_LITERAL_CONVERSION = YES;
				CLANG_WARN_OBJC_ROOT_CLASS = YES_ERROR;
				CLANG_WARN_QUOTED_INCLUDE_IN_FRAMEWORK_HEADER = YES;
				CLANG_WARN_RANGE_LOOP_ANALYSIS = YES;
				CLANG_WARN_STRICT_PROTOTYPES = YES;
				CLANG_WARN_SUSPICIOUS_MOVE = YES;
				CLANG_WARN_UNGUARDED_AVAILABILITY = YES_AGGRESSIVE;
				CLANG_WARN_UNREACHABLE_CODE = YES;
				CLANG_WARN__DUPLICATE_METHOD_MATCH = YES;
				COPY_PHASE_STRIP = NO;
				DEBUG_INFORMATION_FORMAT = dwarf;
				ENABLE_STRICT_OBJC_MSGSEND = YES;
				ENABLE_TESTABILITY = YES;
				GCC_C_LANGUAGE_STANDARD = gnu11;
				GCC_DYNAMIC_NO_PIC = NO;
				GCC_NO_COMMON_BLOCKS = YES;
				GCC_OPTIMIZATION_LEVEL = 0;
				GCC_PREPROCESSOR_DEFINITIONS = (
					"DEBUG=1",
					"$(inherited)",
				);
				GCC_WARN_64_TO_32_BIT_CONVERSION = YES;
				GCC_WARN_ABOUT_RETURN_TYPE = YES_ERROR;
				GCC_WARN_UNDECLARED_SELECTOR = YES;
				GCC_WARN_UNINITIALIZED_AUTOS = YES_AGGRESSIVE;
				GCC_WARN_UNUSED_FUNCTION = YES;
				GCC_WARN_UNUSED_VARIABLE = YES;
				IPHONEOS_DEPLOYMENT_TARGET = 14.2;
				MTL_ENABLE_DEBUG_INFO = INCLUDE_SOURCE;
				MTL_FAST_MATH = YES;
				ONLY_ACTIVE_ARCH = YES;
				SDKROOT = iphoneos;
				SWIFT_ACTIVE_COMPILATION_CONDITIONS = DEBUG;
				SWIFT_OPTIMIZATION_LEVEL = "-Onone";
			};
			name = Debug;
		};
		6941AD3D253EDAC100AC6FCC /* Release */ = {
			isa = XCBuildConfiguration;
			buildSettings = {
				ALWAYS_SEARCH_USER_PATHS = NO;
				CLANG_ANALYZER_NONNULL = YES;
				CLANG_ANALYZER_NUMBER_OBJECT_CONVERSION = YES_AGGRESSIVE;
				CLANG_CXX_LANGUAGE_STANDARD = "gnu++14";
				CLANG_CXX_LIBRARY = "libc++";
				CLANG_ENABLE_MODULES = YES;
				CLANG_ENABLE_OBJC_ARC = YES;
				CLANG_ENABLE_OBJC_WEAK = YES;
				CLANG_WARN_BLOCK_CAPTURE_AUTORELEASING = YES;
				CLANG_WARN_BOOL_CONVERSION = YES;
				CLANG_WARN_COMMA = YES;
				CLANG_WARN_CONSTANT_CONVERSION = YES;
				CLANG_WARN_DEPRECATED_OBJC_IMPLEMENTATIONS = YES;
				CLANG_WARN_DIRECT_OBJC_ISA_USAGE = YES_ERROR;
				CLANG_WARN_DOCUMENTATION_COMMENTS = YES;
				CLANG_WARN_EMPTY_BODY = YES;
				CLANG_WARN_ENUM_CONVERSION = YES;
				CLANG_WARN_INFINITE_RECURSION = YES;
				CLANG_WARN_INT_CONVERSION = YES;
				CLANG_WARN_NON_LITERAL_NULL_CONVERSION = YES;
				CLANG_WARN_OBJC_IMPLICIT_RETAIN_SELF = YES;
				CLANG_WARN_OBJC_LITERAL_CONVERSION = YES;
				CLANG_WARN_OBJC_ROOT_CLASS = YES_ERROR;
				CLANG_WARN_QUOTED_INCLUDE_IN_FRAMEWORK_HEADER = YES;
				CLANG_WARN_RANGE_LOOP_ANALYSIS = YES;
				CLANG_WARN_STRICT_PROTOTYPES = YES;
				CLANG_WARN_SUSPICIOUS_MOVE = YES;
				CLANG_WARN_UNGUARDED_AVAILABILITY = YES_AGGRESSIVE;
				CLANG_WARN_UNREACHABLE_CODE = YES;
				CLANG_WARN__DUPLICATE_METHOD_MATCH = YES;
				COPY_PHASE_STRIP = NO;
				DEBUG_INFORMATION_FORMAT = "dwarf-with-dsym";
				ENABLE_NS_ASSERTIONS = NO;
				ENABLE_STRICT_OBJC_MSGSEND = YES;
				GCC_C_LANGUAGE_STANDARD = gnu11;
				GCC_NO_COMMON_BLOCKS = YES;
				GCC_WARN_64_TO_32_BIT_CONVERSION = YES;
				GCC_WARN_ABOUT_RETURN_TYPE = YES_ERROR;
				GCC_WARN_UNDECLARED_SELECTOR = YES;
				GCC_WARN_UNINITIALIZED_AUTOS = YES_AGGRESSIVE;
				GCC_WARN_UNUSED_FUNCTION = YES;
				GCC_WARN_UNUSED_VARIABLE = YES;
				IPHONEOS_DEPLOYMENT_TARGET = 14.2;
				MTL_ENABLE_DEBUG_INFO = NO;
				MTL_FAST_MATH = YES;
				SDKROOT = iphoneos;
				SWIFT_COMPILATION_MODE = wholemodule;
				SWIFT_OPTIMIZATION_LEVEL = "-O";
				VALIDATE_PRODUCT = YES;
			};
			name = Release;
		};
		6941AD3F253EDAC100AC6FCC /* Debug */ = {
			isa = XCBuildConfiguration;
			buildSettings = {
				ASSETCATALOG_COMPILER_APPICON_NAME = AppIcon;
				ASSETCATALOG_COMPILER_GLOBAL_ACCENT_COLOR_NAME = AccentColor;
				CODE_SIGN_STYLE = Automatic;
				DEVELOPMENT_ASSET_PATHS = "\"Fructus/Preview Content\"";
				DEVELOPMENT_TEAM = YA7Q2E8U8D;
				ENABLE_PREVIEWS = YES;
				INFOPLIST_FILE = Fructus/Info.plist;
				IPHONEOS_DEPLOYMENT_TARGET = 14.0;
				LD_RUNPATH_SEARCH_PATHS = (
					"$(inherited)",
					"@executable_path/Frameworks",
				);
				PRODUCT_BUNDLE_IDENTIFIER = com.samorgill.Fructus;
				PRODUCT_NAME = "$(TARGET_NAME)";
				SWIFT_VERSION = 5.0;
				TARGETED_DEVICE_FAMILY = "1,2";
			};
			name = Debug;
		};
		6941AD40253EDAC100AC6FCC /* Release */ = {
			isa = XCBuildConfiguration;
			buildSettings = {
				ASSETCATALOG_COMPILER_APPICON_NAME = AppIcon;
				ASSETCATALOG_COMPILER_GLOBAL_ACCENT_COLOR_NAME = AccentColor;
				CODE_SIGN_STYLE = Automatic;
				DEVELOPMENT_ASSET_PATHS = "\"Fructus/Preview Content\"";
				DEVELOPMENT_TEAM = YA7Q2E8U8D;
				ENABLE_PREVIEWS = YES;
				INFOPLIST_FILE = Fructus/Info.plist;
				IPHONEOS_DEPLOYMENT_TARGET = 14.0;
				LD_RUNPATH_SEARCH_PATHS = (
					"$(inherited)",
					"@executable_path/Frameworks",
				);
				PRODUCT_BUNDLE_IDENTIFIER = com.samorgill.Fructus;
				PRODUCT_NAME = "$(TARGET_NAME)";
				SWIFT_VERSION = 5.0;
				TARGETED_DEVICE_FAMILY = "1,2";
			};
			name = Release;
		};
/* End XCBuildConfiguration section */

/* Begin XCConfigurationList section */
		6941AD2A253EDAB800AC6FCC /* Build configuration list for PBXProject "Fructus" */ = {
			isa = XCConfigurationList;
			buildConfigurations = (
				6941AD3C253EDAC100AC6FCC /* Debug */,
				6941AD3D253EDAC100AC6FCC /* Release */,
			);
			defaultConfigurationIsVisible = 0;
			defaultConfigurationName = Release;
		};
		6941AD3E253EDAC100AC6FCC /* Build configuration list for PBXNativeTarget "Fructus" */ = {
			isa = XCConfigurationList;
			buildConfigurations = (
				6941AD3F253EDAC100AC6FCC /* Debug */,
				6941AD40253EDAC100AC6FCC /* Release */,
			);
			defaultConfigurationIsVisible = 0;
			defaultConfigurationName = Release;
		};
/* End XCConfigurationList section */
	};
	rootObject = 6941AD27253EDAB800AC6FCC /* Project object */;
}
